
Microsoft Visual Studio Solution File, Format Version 12.00
# Visual Studio Version 16
VisualStudioVersion = 16.0.30611.23
MinimumVisualStudioVersion = 10.0.40219.1
Project("{FAE04EC0-301F-11D3-BF4B-00C04F79EFBC}") = "ProyectoAhorcado", "ProyectoAhorcado\ProyectoAhorcado.csproj", "{7E4BD7CD-7B6C-4FC2-B98C-FA6480AFD782}"
EndProject
Global
	GlobalSection(SolutionConfigurationPlatforms) = preSolution
		Debug|Any CPU = Debug|Any CPU
		Release|Any CPU = Release|Any CPU
	EndGlobalSection
	GlobalSection(ProjectConfigurationPlatforms) = postSolution
		{7E4BD7CD-7B6C-4FC2-B98C-FA6480AFD782}.Debug|Any CPU.ActiveCfg = Debug|Any CPU
		{7E4BD7CD-7B6C-4FC2-B98C-FA6480AFD782}.Debug|Any CPU.Build.0 = Debug|Any CPU
		{7E4BD7CD-7B6C-4FC2-B98C-FA6480AFD782}.Release|Any CPU.ActiveCfg = Release|Any CPU
		{7E4BD7CD-7B6C-4FC2-B98C-FA6480AFD782}.Release|Any CPU.Build.0 = Release|Any CPU
	EndGlobalSection
	GlobalSection(SolutionProperties) = preSolution
		HideSolutionNode = FALSE
	EndGlobalSection
	GlobalSection(ExtensibilityGlobals) = postSolution
		SolutionGuid = {7B859153-EB33-43DB-B17F-AB662D49A022}
	EndGlobalSection
EndGlobal
